
Microsoft Visual Studio Solution File, Format Version 12.00
# Visual Studio 15
VisualStudioVersion = 15.0.28307.539
MinimumVisualStudioVersion = 10.0.40219.1
Project("{8BC9CEB8-8B4A-11D0-8D11-00A0C91BC942}") = "Jerki", "Jerki\Jerki.vcxproj", "{B44C2FD1-0C0A-486E-9BCA-D8CF0D4240AD}"
EndProject
Global
	GlobalSection(SolutionConfigurationPlatforms) = preSolution
		Debug|x64 = Debug|x64
		Debug|x86 = Debug|x86
		Release|x64 = Release|x64
		Release|x86 = Release|x86
	EndGlobalSection
	GlobalSection(ProjectConfigurationPlatforms) = postSolution
		{B44C2FD1-0C0A-486E-9BCA-D8CF0D4240AD}.Debug|x64.ActiveCfg = Debug|x64
		{B44C2FD1-0C0A-486E-9BCA-D8CF0D4240AD}.Debug|x64.Build.0 = Debug|x64
		{B44C2FD1-0C0A-486E-9BCA-D8CF0D4240AD}.Debug|x86.ActiveCfg = Debug|Win32
		{B44C2FD1-0C0A-486E-9BCA-D8CF0D4240AD}.Debug|x86.Build.0 = Debug|Win32
		{B44C2FD1-0C0A-486E-9BCA-D8CF0D4240AD}.Release|x64.ActiveCfg = Release|x64
		{B44C2FD1-0C0A-486E-9BCA-D8CF0D4240AD}.Release|x64.Build.0 = Release|x64
		{B44C2FD1-0C0A-486E-9BCA-D8CF0D4240AD}.Release|x86.ActiveCfg = Release|Win32
		{B44C2FD1-0C0A-486E-9BCA-D8CF0D4240AD}.Release|x86.Build.0 = Release|Win32
	EndGlobalSection
	GlobalSection(SolutionProperties) = preSolution
		HideSolutionNode = FALSE
	EndGlobalSection
	GlobalSection(ExtensibilityGlobals) = postSolution
		SolutionGuid = {44B292A0-9C05-49CA-83D8-E819F618D139}
	EndGlobalSection
EndGlobal
